
Microsoft Visual Studio Solution File, Format Version 12.00
# Visual Studio Version 16
VisualStudioVersion = 16.0.29709.97
MinimumVisualStudioVersion = 10.0.40219.1
Project("{FAE04EC0-301F-11D3-BF4B-00C04F79EFBC}") = "Examen2.Presentacion", "Examen2.Presentacion\Examen2.Presentacion.csproj", "{B3874A49-B024-4491-83D8-716974B1EC67}"
EndProject
Project("{FAE04EC0-301F-11D3-BF4B-00C04F79EFBC}") = "Examen2.Logica", "Examen2.Logica\Examen2.Logica.csproj", "{5E60DC69-57E0-40DB-8175-E7A4C2F12125}"
EndProject
Project("{FAE04EC0-301F-11D3-BF4B-00C04F79EFBC}") = "Examen2.AccessoDatos", "Examen2.AccessoDatos\Examen2.AccessoDatos.csproj", "{581F92F1-D04E-4C7A-87F4-BF820DE74DD4}"
EndProject
Project("{FAE04EC0-301F-11D3-BF4B-00C04F79EFBC}") = "Examen2.Presentacion.SocketCliente", "Examen2.Presentacion.SocketCliente\Examen2.Presentacion.SocketCliente.csproj", "{0B267DA3-7E07-4CDA-8436-27479A02F241}"
EndProject
Project("{FAE04EC0-301F-11D3-BF4B-00C04F79EFBC}") = "Examen2.Presentacion.SocketServer", "Examen2.Presentacion.SocketServer\Examen2.Presentacion.SocketServer.csproj", "{870C746C-9A63-4876-8AB9-A1A63CFEB117}"
EndProject
Project("{FAE04EC0-301F-11D3-BF4B-00C04F79EFBC}") = "Examen2.Entidades", "Examen2.Entidades\Examen2.Entidades.csproj", "{46A4DCCB-0688-4603-9D48-8E9870A41C7E}"
EndProject
Global
	GlobalSection(SolutionConfigurationPlatforms) = preSolution
		Debug|Any CPU = Debug|Any CPU
		Release|Any CPU = Release|Any CPU
	EndGlobalSection
	GlobalSection(ProjectConfigurationPlatforms) = postSolution
		{B3874A49-B024-4491-83D8-716974B1EC67}.Debug|Any CPU.ActiveCfg = Debug|Any CPU
		{B3874A49-B024-4491-83D8-716974B1EC67}.Debug|Any CPU.Build.0 = Debug|Any CPU
		{B3874A49-B024-4491-83D8-716974B1EC67}.Release|Any CPU.ActiveCfg = Release|Any CPU
		{B3874A49-B024-4491-83D8-716974B1EC67}.Release|Any CPU.Build.0 = Release|Any CPU
		{5E60DC69-57E0-40DB-8175-E7A4C2F12125}.Debug|Any CPU.ActiveCfg = Debug|Any CPU
		{5E60DC69-57E0-40DB-8175-E7A4C2F12125}.Debug|Any CPU.Build.0 = Debug|Any CPU
		{5E60DC69-57E0-40DB-8175-E7A4C2F12125}.Release|Any CPU.ActiveCfg = Release|Any CPU
		{5E60DC69-57E0-40DB-8175-E7A4C2F12125}.Release|Any CPU.Build.0 = Release|Any CPU
		{581F92F1-D04E-4C7A-87F4-BF820DE74DD4}.Debug|Any CPU.ActiveCfg = Debug|Any CPU
		{581F92F1-D04E-4C7A-87F4-BF820DE74DD4}.Debug|Any CPU.Build.0 = Debug|Any CPU
		{581F92F1-D04E-4C7A-87F4-BF820DE74DD4}.Release|Any CPU.ActiveCfg = Release|Any CPU
		{581F92F1-D04E-4C7A-87F4-BF820DE74DD4}.Release|Any CPU.Build.0 = Release|Any CPU
		{0B267DA3-7E07-4CDA-8436-27479A02F241}.Debug|Any CPU.ActiveCfg = Debug|Any CPU
		{0B267DA3-7E07-4CDA-8436-27479A02F241}.Debug|Any CPU.Build.0 = Debug|Any CPU
		{0B267DA3-7E07-4CDA-8436-27479A02F241}.Release|Any CPU.ActiveCfg = Release|Any CPU
		{0B267DA3-7E07-4CDA-8436-27479A02F241}.Release|Any CPU.Build.0 = Release|Any CPU
		{870C746C-9A63-4876-8AB9-A1A63CFEB117}.Debug|Any CPU.ActiveCfg = Debug|Any CPU
		{870C746C-9A63-4876-8AB9-A1A63CFEB117}.Debug|Any CPU.Build.0 = Debug|Any CPU
		{870C746C-9A63-4876-8AB9-A1A63CFEB117}.Release|Any CPU.ActiveCfg = Release|Any CPU
		{870C746C-9A63-4876-8AB9-A1A63CFEB117}.Release|Any CPU.Build.0 = Release|Any CPU
		{46A4DCCB-0688-4603-9D48-8E9870A41C7E}.Debug|Any CPU.ActiveCfg = Debug|Any CPU
		{46A4DCCB-0688-4603-9D48-8E9870A41C7E}.Debug|Any CPU.Build.0 = Debug|Any CPU
		{46A4DCCB-0688-4603-9D48-8E9870A41C7E}.Release|Any CPU.ActiveCfg = Release|Any CPU
		{46A4DCCB-0688-4603-9D48-8E9870A41C7E}.Release|Any CPU.Build.0 = Release|Any CPU
	EndGlobalSection
	GlobalSection(SolutionProperties) = preSolution
		HideSolutionNode = FALSE
	EndGlobalSection
	GlobalSection(ExtensibilityGlobals) = postSolution
		SolutionGuid = {DE0EBBEE-7CC5-46CA-8645-66CB78D94375}
	EndGlobalSection
EndGlobal
